
Microsoft Visual Studio Solution File, Format Version 12.00
# Visual Studio Version 16
VisualStudioVersion = 16.0.30114.105
MinimumVisualStudioVersion = 10.0.40219.1
Project("{8BC9CEB8-8B4A-11D0-8D11-00A0C91BC942}") = "lab_with_tree", "lab_with_tree.vcxproj", "{23978B9F-2831-4035-BBF8-2259A339C5C1}"
EndProject
Global
	GlobalSection(SolutionConfigurationPlatforms) = preSolution
		Debug|x64 = Debug|x64
		Debug|x86 = Debug|x86
		Release|x64 = Release|x64
		Release|x86 = Release|x86
	EndGlobalSection
	GlobalSection(ProjectConfigurationPlatforms) = postSolution
		{23978B9F-2831-4035-BBF8-2259A339C5C1}.Debug|x64.ActiveCfg = Debug|x64
		{23978B9F-2831-4035-BBF8-2259A339C5C1}.Debug|x64.Build.0 = Debug|x64
		{23978B9F-2831-4035-BBF8-2259A339C5C1}.Debug|x86.ActiveCfg = Debug|Win32
		{23978B9F-2831-4035-BBF8-2259A339C5C1}.Debug|x86.Build.0 = Debug|Win32
		{23978B9F-2831-4035-BBF8-2259A339C5C1}.Release|x64.ActiveCfg = Release|x64
		{23978B9F-2831-4035-BBF8-2259A339C5C1}.Release|x64.Build.0 = Release|x64
		{23978B9F-2831-4035-BBF8-2259A339C5C1}.Release|x86.ActiveCfg = Release|Win32
		{23978B9F-2831-4035-BBF8-2259A339C5C1}.Release|x86.Build.0 = Release|Win32
	EndGlobalSection
	GlobalSection(SolutionProperties) = preSolution
		HideSolutionNode = FALSE
	EndGlobalSection
	GlobalSection(ExtensibilityGlobals) = postSolution
		SolutionGuid = {9B271820-A600-4025-B87D-5EBD62DF4F73}
	EndGlobalSection
EndGlobal
